
Microsoft Visual Studio Solution File, Format Version 12.00
# Visual Studio Version 16
VisualStudioVersion = 16.0.30517.126
MinimumVisualStudioVersion = 10.0.40219.1
Project("{FAE04EC0-301F-11D3-BF4B-00C04F79EFBC}") = "Robot.CommandLine", "Robot.CommandLine\Robot.CommandLine.csproj", "{7A13707E-C97A-4FA5-8370-D8E71A1B302F}"
EndProject
Global
	GlobalSection(SolutionConfigurationPlatforms) = preSolution
		Debug|Any CPU = Debug|Any CPU
		Release|Any CPU = Release|Any CPU
	EndGlobalSection
	GlobalSection(ProjectConfigurationPlatforms) = postSolution
		{7A13707E-C97A-4FA5-8370-D8E71A1B302F}.Debug|Any CPU.ActiveCfg = Debug|Any CPU
		{7A13707E-C97A-4FA5-8370-D8E71A1B302F}.Debug|Any CPU.Build.0 = Debug|Any CPU
		{7A13707E-C97A-4FA5-8370-D8E71A1B302F}.Release|Any CPU.ActiveCfg = Release|Any CPU
		{7A13707E-C97A-4FA5-8370-D8E71A1B302F}.Release|Any CPU.Build.0 = Release|Any CPU
	EndGlobalSection
	GlobalSection(SolutionProperties) = preSolution
		HideSolutionNode = FALSE
	EndGlobalSection
	GlobalSection(ExtensibilityGlobals) = postSolution
		SolutionGuid = {F9775307-5980-4CA5-8193-3A497192B111}
	EndGlobalSection
EndGlobal
